
Microsoft Visual Studio Solution File, Format Version 12.00
# Visual Studio Version 17
VisualStudioVersion = 17.13.35931.197 d17.13
MinimumVisualStudioVersion = 10.0.40219.1
Project("{FAE04EC0-301F-11D3-BF4B-00C04F79EFBC}") = "RecipePlatform.Models", "RecipePlatform.Models\RecipePlatform.Models.csproj", "{7AECB432-CD07-4141-8B56-C26E24C6F27B}"
EndProject
Project("{FAE04EC0-301F-11D3-BF4B-00C04F79EFBC}") = "RecipePlatform.DAL", "RecipePlatform.DAL\RecipePlatform.DAL.csproj", "{A60F3E4F-26C2-4182-BE32-D75C152ED6EA}"
EndProject
Project("{FAE04EC0-301F-11D3-BF4B-00C04F79EFBC}") = "RecipePlatform.BLL", "RecipePlatform.BLL\RecipePlatform.BLL.csproj", "{D8B30D03-063B-4D1E-AEB1-B45444EF1235}"
EndProject
Project("{FAE04EC0-301F-11D3-BF4B-00C04F79EFBC}") = "RecipePlatform.MVC", "RecipePlatform.MVC\RecipePlatform.MVC.csproj", "{2CE76035-90F3-4E95-A3DE-F17D6DB8034E}"
EndProject
Project("{FAE04EC0-301F-11D3-BF4B-00C04F79EFBC}") = "RecipePlatform.API", "RecipePlatform.API\RecipePlatform.API.csproj", "{5C180B1B-5BD1-42C1-9E61-6569FA4809D8}"
EndProject
Global
	GlobalSection(SolutionConfigurationPlatforms) = preSolution
		Debug|Any CPU = Debug|Any CPU
		Release|Any CPU = Release|Any CPU
	EndGlobalSection
	GlobalSection(ProjectConfigurationPlatforms) = postSolution
		{7AECB432-CD07-4141-8B56-C26E24C6F27B}.Debug|Any CPU.ActiveCfg = Debug|Any CPU
		{7AECB432-CD07-4141-8B56-C26E24C6F27B}.Debug|Any CPU.Build.0 = Debug|Any CPU
		{7AECB432-CD07-4141-8B56-C26E24C6F27B}.Release|Any CPU.ActiveCfg = Release|Any CPU
		{7AECB432-CD07-4141-8B56-C26E24C6F27B}.Release|Any CPU.Build.0 = Release|Any CPU
		{A60F3E4F-26C2-4182-BE32-D75C152ED6EA}.Debug|Any CPU.ActiveCfg = Debug|Any CPU
		{A60F3E4F-26C2-4182-BE32-D75C152ED6EA}.Debug|Any CPU.Build.0 = Debug|Any CPU
		{A60F3E4F-26C2-4182-BE32-D75C152ED6EA}.Release|Any CPU.ActiveCfg = Release|Any CPU
		{A60F3E4F-26C2-4182-BE32-D75C152ED6EA}.Release|Any CPU.Build.0 = Release|Any CPU
		{D8B30D03-063B-4D1E-AEB1-B45444EF1235}.Debug|Any CPU.ActiveCfg = Debug|Any CPU
		{D8B30D03-063B-4D1E-AEB1-B45444EF1235}.Debug|Any CPU.Build.0 = Debug|Any CPU
		{D8B30D03-063B-4D1E-AEB1-B45444EF1235}.Release|Any CPU.ActiveCfg = Release|Any CPU
		{D8B30D03-063B-4D1E-AEB1-B45444EF1235}.Release|Any CPU.Build.0 = Release|Any CPU
		{2CE76035-90F3-4E95-A3DE-F17D6DB8034E}.Debug|Any CPU.ActiveCfg = Debug|Any CPU
		{2CE76035-90F3-4E95-A3DE-F17D6DB8034E}.Debug|Any CPU.Build.0 = Debug|Any CPU
		{2CE76035-90F3-4E95-A3DE-F17D6DB8034E}.Release|Any CPU.ActiveCfg = Release|Any CPU
		{2CE76035-90F3-4E95-A3DE-F17D6DB8034E}.Release|Any CPU.Build.0 = Release|Any CPU
		{5C180B1B-5BD1-42C1-9E61-6569FA4809D8}.Debug|Any CPU.ActiveCfg = Debug|Any CPU
		{5C180B1B-5BD1-42C1-9E61-6569FA4809D8}.Debug|Any CPU.Build.0 = Debug|Any CPU
		{5C180B1B-5BD1-42C1-9E61-6569FA4809D8}.Release|Any CPU.ActiveCfg = Release|Any CPU
		{5C180B1B-5BD1-42C1-9E61-6569FA4809D8}.Release|Any CPU.Build.0 = Release|Any CPU
	EndGlobalSection
	GlobalSection(SolutionProperties) = preSolution
		HideSolutionNode = FALSE
	EndGlobalSection
	GlobalSection(ExtensibilityGlobals) = postSolution
		SolutionGuid = {2E1D128F-3696-472A-BC88-1C5E3E18E720}
	EndGlobalSection
EndGlobal
